
Microsoft Visual Studio Solution File, Format Version 12.00
# Visual Studio Version 16
VisualStudioVersion = 16.0.31321.278
MinimumVisualStudioVersion = 10.0.40219.1
Project("{9A19103F-16F7-4668-BE54-9A1E7A4F7556}") = "Project Management", "Project Management.csproj", "{FD7FC8DD-01BA-4A71-9147-AC9D8D957A45}"
EndProject
Global
	GlobalSection(SolutionConfigurationPlatforms) = preSolution
		Debug|Any CPU = Debug|Any CPU
		Release|Any CPU = Release|Any CPU
	EndGlobalSection
	GlobalSection(ProjectConfigurationPlatforms) = postSolution
		{FD7FC8DD-01BA-4A71-9147-AC9D8D957A45}.Debug|Any CPU.ActiveCfg = Debug|Any CPU
		{FD7FC8DD-01BA-4A71-9147-AC9D8D957A45}.Debug|Any CPU.Build.0 = Debug|Any CPU
		{FD7FC8DD-01BA-4A71-9147-AC9D8D957A45}.Release|Any CPU.ActiveCfg = Release|Any CPU
		{FD7FC8DD-01BA-4A71-9147-AC9D8D957A45}.Release|Any CPU.Build.0 = Release|Any CPU
	EndGlobalSection
	GlobalSection(SolutionProperties) = preSolution
		HideSolutionNode = FALSE
	EndGlobalSection
	GlobalSection(ExtensibilityGlobals) = postSolution
		SolutionGuid = {2FB03FB5-DEC1-4DF2-A809-23FEE6269AED}
	EndGlobalSection
EndGlobal
